
Microsoft Visual Studio Solution File, Format Version 12.00
# Visual Studio Version 17
VisualStudioVersion = 17.8.34227.203
MinimumVisualStudioVersion = 10.0.40219.1
Project("{FAE04EC0-301F-11D3-BF4B-00C04F79EFBC}") = "Net8AndroidHandlers", "Net8AndroidHandlers.csproj", "{086B3450-7B3C-4470-B5E8-270C3D4DE920}"
EndProject
Global
	GlobalSection(SolutionConfigurationPlatforms) = preSolution
		Debug|Any CPU = Debug|Any CPU
		Release|Any CPU = Release|Any CPU
	EndGlobalSection
	GlobalSection(ProjectConfigurationPlatforms) = postSolution
		{086B3450-7B3C-4470-B5E8-270C3D4DE920}.Debug|Any CPU.ActiveCfg = Debug|Any CPU
		{086B3450-7B3C-4470-B5E8-270C3D4DE920}.Debug|Any CPU.Build.0 = Debug|Any CPU
		{086B3450-7B3C-4470-B5E8-270C3D4DE920}.Debug|Any CPU.Deploy.0 = Debug|Any CPU
		{086B3450-7B3C-4470-B5E8-270C3D4DE920}.Release|Any CPU.ActiveCfg = Release|Any CPU
		{086B3450-7B3C-4470-B5E8-270C3D4DE920}.Release|Any CPU.Build.0 = Release|Any CPU
		{086B3450-7B3C-4470-B5E8-270C3D4DE920}.Release|Any CPU.Deploy.0 = Release|Any CPU
	EndGlobalSection
	GlobalSection(SolutionProperties) = preSolution
		HideSolutionNode = FALSE
	EndGlobalSection
	GlobalSection(ExtensibilityGlobals) = postSolution
		SolutionGuid = {4F1D7706-8A22-401E-B2B5-DE51B7D12B2C}
	EndGlobalSection
EndGlobal
